
Microsoft Visual Studio Solution File, Format Version 12.00
# Visual Studio Version 17
VisualStudioVersion = 17.4.33205.214
MinimumVisualStudioVersion = 10.0.40219.1
Project("{FAE04EC0-301F-11D3-BF4B-00C04F79EFBC}") = "AspDotNetViewsTuneUp", "AspDotNetViewsTuneUp\AspDotNetViewsTuneUp.csproj", "{73BDC60A-4D7C-423A-9883-597C0FE36BE6}"
EndProject
Global
	GlobalSection(SolutionConfigurationPlatforms) = preSolution
		Debug|Any CPU = Debug|Any CPU
		Release|Any CPU = Release|Any CPU
	EndGlobalSection
	GlobalSection(ProjectConfigurationPlatforms) = postSolution
		{73BDC60A-4D7C-423A-9883-597C0FE36BE6}.Debug|Any CPU.ActiveCfg = Debug|Any CPU
		{73BDC60A-4D7C-423A-9883-597C0FE36BE6}.Debug|Any CPU.Build.0 = Debug|Any CPU
		{73BDC60A-4D7C-423A-9883-597C0FE36BE6}.Release|Any CPU.ActiveCfg = Release|Any CPU
		{73BDC60A-4D7C-423A-9883-597C0FE36BE6}.Release|Any CPU.Build.0 = Release|Any CPU
	EndGlobalSection
	GlobalSection(SolutionProperties) = preSolution
		HideSolutionNode = FALSE
	EndGlobalSection
	GlobalSection(ExtensibilityGlobals) = postSolution
		SolutionGuid = {7DF86D51-5AF3-47CD-8750-4B119195C25E}
	EndGlobalSection
EndGlobal
